
Microsoft Visual Studio Solution File, Format Version 12.00
# Visual Studio Version 17
VisualStudioVersion = 17.8.34330.188
MinimumVisualStudioVersion = 10.0.40219.1
Project("{FAE04EC0-301F-11D3-BF4B-00C04F79EFBC}") = "MvcCoreCrudDepartamentos", "MvcCoreCrudDepartamentos\MvcCoreCrudDepartamentos.csproj", "{B43E3359-FC72-4152-8615-CE5E2C53294B}"
EndProject
Global
	GlobalSection(SolutionConfigurationPlatforms) = preSolution
		Debug|Any CPU = Debug|Any CPU
		Release|Any CPU = Release|Any CPU
	EndGlobalSection
	GlobalSection(ProjectConfigurationPlatforms) = postSolution
		{B43E3359-FC72-4152-8615-CE5E2C53294B}.Debug|Any CPU.ActiveCfg = Debug|Any CPU
		{B43E3359-FC72-4152-8615-CE5E2C53294B}.Debug|Any CPU.Build.0 = Debug|Any CPU
		{B43E3359-FC72-4152-8615-CE5E2C53294B}.Release|Any CPU.ActiveCfg = Release|Any CPU
		{B43E3359-FC72-4152-8615-CE5E2C53294B}.Release|Any CPU.Build.0 = Release|Any CPU
	EndGlobalSection
	GlobalSection(SolutionProperties) = preSolution
		HideSolutionNode = FALSE
	EndGlobalSection
	GlobalSection(ExtensibilityGlobals) = postSolution
		SolutionGuid = {D4D5FDCE-C968-42AD-ADCC-A31EDEB38762}
	EndGlobalSection
EndGlobal
